
Microsoft Visual Studio Solution File, Format Version 12.00
# Visual Studio Version 16
VisualStudioVersion = 16.0.31005.135
MinimumVisualStudioVersion = 10.0.40219.1
Project("{FAE04EC0-301F-11D3-BF4B-00C04F79EFBC}") = "ClassMetotDemo", "ClassMetotDemo\ClassMetotDemo.csproj", "{A1BFEAFF-4773-4850-A7EF-6E87D9CA74F3}"
EndProject
Global
	GlobalSection(SolutionConfigurationPlatforms) = preSolution
		Debug|Any CPU = Debug|Any CPU
		Release|Any CPU = Release|Any CPU
	EndGlobalSection
	GlobalSection(ProjectConfigurationPlatforms) = postSolution
		{A1BFEAFF-4773-4850-A7EF-6E87D9CA74F3}.Debug|Any CPU.ActiveCfg = Debug|Any CPU
		{A1BFEAFF-4773-4850-A7EF-6E87D9CA74F3}.Debug|Any CPU.Build.0 = Debug|Any CPU
		{A1BFEAFF-4773-4850-A7EF-6E87D9CA74F3}.Release|Any CPU.ActiveCfg = Release|Any CPU
		{A1BFEAFF-4773-4850-A7EF-6E87D9CA74F3}.Release|Any CPU.Build.0 = Release|Any CPU
	EndGlobalSection
	GlobalSection(SolutionProperties) = preSolution
		HideSolutionNode = FALSE
	EndGlobalSection
	GlobalSection(ExtensibilityGlobals) = postSolution
		SolutionGuid = {5DA6B42E-2CEF-4F50-B251-C0D5935C97B6}
	EndGlobalSection
EndGlobal
